
Microsoft Visual Studio Solution File, Format Version 12.00
# Visual Studio Version 17
VisualStudioVersion = 17.9.34728.123
MinimumVisualStudioVersion = 10.0.40219.1
Project("{9A19103F-16F7-4668-BE54-9A1E7A4F7556}") = "Elearn Project", "Elearn Project\Elearn Project.csproj", "{46132A4C-3985-4474-9F5A-0496CF28DDEA}"
EndProject
Project("{FAE04EC0-301F-11D3-BF4B-00C04F79EFBC}") = "Elearn.DAL", "Elearn.DAL\Elearn.DAL.csproj", "{4A068987-5E0A-423A-9882-47B00049C538}"
EndProject
Project("{FAE04EC0-301F-11D3-BF4B-00C04F79EFBC}") = "ELearn.BLL", "ELearn.BLL\ELearn.BLL.csproj", "{A388CCEB-3E46-4C58-9ABF-6A3A39DE9BAB}"
EndProject
Global
	GlobalSection(SolutionConfigurationPlatforms) = preSolution
		Debug|Any CPU = Debug|Any CPU
		Release|Any CPU = Release|Any CPU
	EndGlobalSection
	GlobalSection(ProjectConfigurationPlatforms) = postSolution
		{46132A4C-3985-4474-9F5A-0496CF28DDEA}.Debug|Any CPU.ActiveCfg = Debug|Any CPU
		{46132A4C-3985-4474-9F5A-0496CF28DDEA}.Debug|Any CPU.Build.0 = Debug|Any CPU
		{46132A4C-3985-4474-9F5A-0496CF28DDEA}.Release|Any CPU.ActiveCfg = Release|Any CPU
		{46132A4C-3985-4474-9F5A-0496CF28DDEA}.Release|Any CPU.Build.0 = Release|Any CPU
		{4A068987-5E0A-423A-9882-47B00049C538}.Debug|Any CPU.ActiveCfg = Debug|Any CPU
		{4A068987-5E0A-423A-9882-47B00049C538}.Debug|Any CPU.Build.0 = Debug|Any CPU
		{4A068987-5E0A-423A-9882-47B00049C538}.Release|Any CPU.ActiveCfg = Release|Any CPU
		{4A068987-5E0A-423A-9882-47B00049C538}.Release|Any CPU.Build.0 = Release|Any CPU
		{A388CCEB-3E46-4C58-9ABF-6A3A39DE9BAB}.Debug|Any CPU.ActiveCfg = Debug|Any CPU
		{A388CCEB-3E46-4C58-9ABF-6A3A39DE9BAB}.Debug|Any CPU.Build.0 = Debug|Any CPU
		{A388CCEB-3E46-4C58-9ABF-6A3A39DE9BAB}.Release|Any CPU.ActiveCfg = Release|Any CPU
		{A388CCEB-3E46-4C58-9ABF-6A3A39DE9BAB}.Release|Any CPU.Build.0 = Release|Any CPU
	EndGlobalSection
	GlobalSection(SolutionProperties) = preSolution
		HideSolutionNode = FALSE
	EndGlobalSection
	GlobalSection(ExtensibilityGlobals) = postSolution
		SolutionGuid = {BBD83342-A8A6-4367-8B0F-79B0644C0B1D}
	EndGlobalSection
EndGlobal
